{
  "projectToken" : "e989c186-4884-493f-8c00-870bc2e7add2",
  "projectName" : "hello-respresso-ios",
  "categories" : [
    {
      "mutable" : true,
      "group" : "ios",
      "files" : [
        {
          "path" : "RespressoStrings.bundle\/en.lproj\/respresso.strings",
          "operation" : "ADD",
          "lastModified" : 1547126914536.7991,
          "zipPath" : "localization\/RespressoStrings.bundle\/en.lproj\/respresso.strings",
          "checksum" : "0485f35e9ee07ec9a4570115d87486272040bf9b82cac97ed4e1fa41b9b758cf",
          "_localPath" : "${SRCROOT}\/Respresso\/Respresso\/Resources\/localization\/RespressoStrings.bundle\/en.lproj\/respresso.strings"
        },
        {
          "path" : "RespressoStringKeys.m",
          "operation" : "ADD",
          "lastModified" : 1547126914536.3745,
          "zipPath" : "localization\/RespressoStringKeys.m",
          "checksum" : "af341e33842228f5497ff5f7b7b55cd2e35aa31e62e2b1963a18b54905f15214",
          "_localPath" : "${SRCROOT}\/Respresso\/Respresso\/Resources\/localization\/RespressoStringKeys.m"
        },
        {
          "path" : "RespressoStringKeys.h",
          "operation" : "ADD",
          "lastModified" : 1547126914535.9717,
          "zipPath" : "localization\/RespressoStringKeys.h",
          "checksum" : "2f268ba5fc149c41cf47728d5ede74c41586ba76968eafdc5fd14318805fd915",
          "_localPath" : "${SRCROOT}\/Respresso\/Respresso\/Resources\/localization\/RespressoStringKeys.h"
        },
        {
          "path" : "RespressoStrings.m",
          "operation" : "ADD",
          "lastModified" : 1547126914535.1682,
          "zipPath" : "localization\/RespressoStrings.m",
          "checksum" : "82782b4c64ce2a0cbda4942f4721613060304bb2961e843bccb0dc543d37ad34",
          "_localPath" : "${SRCROOT}\/Respresso\/Respresso\/Resources\/localization\/RespressoStrings.m"
        },
        {
          "path" : "RespressoStrings.h",
          "operation" : "ADD",
          "lastModified" : 1547126914534.686,
          "zipPath" : "localization\/RespressoStrings.h",
          "checksum" : "785205e13c0bc90ed1024e82c0ab5dcfbdcc6861750b2c1f8df582c99a81c8aa",
          "_localPath" : "${SRCROOT}\/Respresso\/Respresso\/Resources\/localization\/RespressoStrings.h"
        }
      ],
      "name" : "localization",
      "token" : "1547028182928",
      "version" : "1.0.0"
    },
    {
      "mutable" : true,
      "group" : "ios",
      "files" : [
        {
          "path" : "RespressoImages.xcassets\/collaboration.imageset\/collaboration.pdf",
          "operation" : "ADD",
          "lastModified" : 1547126914542.8586,
          "zipPath" : "image\/RespressoImages.xcassets\/collaboration.imageset\/collaboration.pdf",
          "checksum" : "e3ff339cdcf22f493ca937b77c7a83c5233656cbb8fc36fda9acd55e4358cb7a",
          "_localPath" : "${SRCROOT}\/Respresso\/Respresso\/Resources\/image\/RespressoImages.xcassets\/collaboration.imageset\/collaboration.pdf"
        },
        {
          "path" : "RespressoImages.xcassets\/collaboration.imageset\/Contents.json",
          "operation" : "ADD",
          "lastModified" : 1547126914542.2302,
          "zipPath" : "image\/RespressoImages.xcassets\/collaboration.imageset\/Contents.json",
          "checksum" : "fa7fec84bd9b56a1b4c7bf4c72d5e35a86401b561cef20e30bf84e5b1e087792",
          "_localPath" : "${SRCROOT}\/Respresso\/Respresso\/Resources\/image\/RespressoImages.xcassets\/collaboration.imageset\/Contents.json"
        },
        {
          "path" : "RespressoImages.xcassets\/security.imageset\/security.pdf",
          "operation" : "ADD",
          "lastModified" : 1547126914541.4282,
          "zipPath" : "image\/RespressoImages.xcassets\/security.imageset\/security.pdf",
          "checksum" : "99bc358330023b943057a215b2c100a458d4bc9d7b93737e9af980a0adf32a4c",
          "_localPath" : "${SRCROOT}\/Respresso\/Respresso\/Resources\/image\/RespressoImages.xcassets\/security.imageset\/security.pdf"
        },
        {
          "path" : "RespressoImages.xcassets\/security.imageset\/Contents.json",
          "operation" : "ADD",
          "lastModified" : 1547126914540.968,
          "zipPath" : "image\/RespressoImages.xcassets\/security.imageset\/Contents.json",
          "checksum" : "70ad3fcf5febd7f28ad29e163f02f8cd8ca1efa368556103565f2527177d803a",
          "_localPath" : "${SRCROOT}\/Respresso\/Respresso\/Resources\/image\/RespressoImages.xcassets\/security.imageset\/Contents.json"
        },
        {
          "path" : "RespressoImages.xcassets\/automate.imageset\/automate.pdf",
          "operation" : "ADD",
          "lastModified" : 1547126914540.1704,
          "zipPath" : "image\/RespressoImages.xcassets\/automate.imageset\/automate.pdf",
          "checksum" : "8b35fb16541e8a57295f0cc73f445f51792e8b0d8ad721e84ed8a1223fc1459f",
          "_localPath" : "${SRCROOT}\/Respresso\/Respresso\/Resources\/image\/RespressoImages.xcassets\/automate.imageset\/automate.pdf"
        },
        {
          "path" : "RespressoImages.xcassets\/automate.imageset\/Contents.json",
          "operation" : "ADD",
          "lastModified" : 1547126914539.2817,
          "zipPath" : "image\/RespressoImages.xcassets\/automate.imageset\/Contents.json",
          "checksum" : "eda4f1b70c31174bd89f7df908bd4c6fdd2a7995dbd2ed2db3dfb9098f25126c",
          "_localPath" : "${SRCROOT}\/Respresso\/Respresso\/Resources\/image\/RespressoImages.xcassets\/automate.imageset\/Contents.json"
        },
        {
          "path" : "RespressoImages.xcassets\/collab_multiplatform.imageset\/collab_multiplatform.pdf",
          "operation" : "ADD",
          "lastModified" : 1547126914538.4397,
          "zipPath" : "image\/RespressoImages.xcassets\/collab_multiplatform.imageset\/collab_multiplatform.pdf",
          "checksum" : "dd62af6db2a1339ba5ae5b9453bf70cdbf95d9876a44626f22ce61e04da1dd76",
          "_localPath" : "${SRCROOT}\/Respresso\/Respresso\/Resources\/image\/RespressoImages.xcassets\/collab_multiplatform.imageset\/collab_multiplatform.pdf"
        },
        {
          "path" : "RespressoImages.xcassets\/collab_multiplatform.imageset\/Contents.json",
          "operation" : "ADD",
          "lastModified" : 1547126914537.9099,
          "zipPath" : "image\/RespressoImages.xcassets\/collab_multiplatform.imageset\/Contents.json",
          "checksum" : "1bd1f4acdeb16fcf7d8a120dcbba4c7f90d204e588fca1b9f904d14f457d4fc7",
          "_localPath" : "${SRCROOT}\/Respresso\/Respresso\/Resources\/image\/RespressoImages.xcassets\/collab_multiplatform.imageset\/Contents.json"
        }
      ],
      "name" : "image",
      "token" : "1547026359336",
      "version" : "1.0.0"
    },
    {
      "mutable" : true,
      "group" : "ios",
      "files" : [
        {
          "path" : "RespressoFonts.bundle\/open_sans_extrabold.ttf",
          "operation" : "ADD",
          "lastModified" : 1547126914551.0508,
          "zipPath" : "font\/RespressoFonts.bundle\/open_sans_extrabold.ttf",
          "checksum" : "0fcbdb5cbeea00ae532352c7c94a7d288ebc911ba85f4d595012032dcab64ba8",
          "_localPath" : "${SRCROOT}\/Respresso\/Respresso\/Resources\/font\/RespressoFonts.bundle\/open_sans_extrabold.ttf"
        },
        {
          "path" : "OpenSans.m",
          "operation" : "ADD",
          "lastModified" : 1547126914550.3059,
          "zipPath" : "font\/OpenSans.m",
          "checksum" : "5cfc5e74f7ecd610849e20d21e7079a9e1d0cf6b1cf54fd20657ff036a7c693d",
          "_localPath" : "${SRCROOT}\/Respresso\/Respresso\/Resources\/font\/OpenSans.m"
        },
        {
          "path" : "OpenSans.h",
          "operation" : "ADD",
          "lastModified" : 1547126914549.4492,
          "zipPath" : "font\/OpenSans.h",
          "checksum" : "f982f41e580bca59ad3050cda5db0d0d021a9016f2bece4b258707236ccef486",
          "_localPath" : "${SRCROOT}\/Respresso\/Respresso\/Resources\/font\/OpenSans.h"
        }
      ],
      "name" : "font",
      "token" : "1547028283704",
      "version" : "1.0.0"
    },
    {
      "mutable" : true,
      "group" : "ios",
      "files" : [
        {
          "path" : "RespressoColors.m",
          "operation" : "ADD",
          "lastModified" : 1547126914554.1104,
          "zipPath" : "color\/RespressoColors.m",
          "checksum" : "3e5cd371db944f84676a41cb4ba0395f223b0461c11fa8ede194342622ee7ffb",
          "_localPath" : "${SRCROOT}\/Respresso\/Respresso\/Resources\/color\/RespressoColors.m"
        },
        {
          "path" : "RespressoColors.h",
          "operation" : "ADD",
          "lastModified" : 1547126914553.3,
          "zipPath" : "color\/RespressoColors.h",
          "checksum" : "272d229684380c15b96e0d9f330e14419158f213fa8eca5ae06a6c4ad3de287c",
          "_localPath" : "${SRCROOT}\/Respresso\/Respresso\/Resources\/color\/RespressoColors.h"
        },
        {
          "path" : "RespressoColors.xcassets\/Contents.json",
          "operation" : "ADD",
          "lastModified" : 1547126914552.4517,
          "zipPath" : "color\/RespressoColors.xcassets\/Contents.json",
          "checksum" : "311e5c146eb3278dbe30afe79d7a6d271af4e917350379507ff34f079b22b8f9",
          "_localPath" : "${SRCROOT}\/Respresso\/Respresso\/Resources\/color\/RespressoColors.xcassets\/Contents.json"
        },
        {
          "path" : "RespressoColors.xcassets\/green.colorset\/Contents.json",
          "operation" : "ADD",
          "lastModified" : 1547126914551.9448,
          "zipPath" : "color\/RespressoColors.xcassets\/green.colorset\/Contents.json",
          "checksum" : "9eb09ce929938395794a2748e7c9f8efbdbbf4de0a376c4d37195c129ec39969",
          "_localPath" : "${SRCROOT}\/Respresso\/Respresso\/Resources\/color\/RespressoColors.xcassets\/green.colorset\/Contents.json"
        }
      ],
      "name" : "color",
      "token" : "1547028269296",
      "version" : "1.0.0"
    },
    {
      "mutable" : true,
      "group" : "ios",
      "files" : [
        {
          "path" : "RespressoImages.xcassets\/AppIcon.appiconset\/Contents.json",
          "operation" : "ADD",
          "lastModified" : 1547126914568.9036,
          "zipPath" : "appIcon\/RespressoImages.xcassets\/AppIcon.appiconset\/Contents.json",
          "checksum" : "3c66a5eb9a271fecf377cb6263ebd82e269526930b2aeb56f1bff6225a57085d",
          "_localPath" : "${SRCROOT}\/hello-respresso-ios\/Assets.xcassets\/AppIcon.appiconset\/Contents.json"
        },
        {
          "path" : "RespressoImages.xcassets\/AppIcon.appiconset\/AppIcon_20@2x.png",
          "operation" : "ADD",
          "lastModified" : 1547126914566.9932,
          "zipPath" : "appIcon\/RespressoImages.xcassets\/AppIcon.appiconset\/AppIcon_20@2x.png",
          "checksum" : "8c846b73420c571775e7b294700d68c5390dfe90f7d49e4d6b0600c4141d1b33",
          "_localPath" : "${SRCROOT}\/hello-respresso-ios\/Assets.xcassets\/AppIcon.appiconset\/AppIcon_20@2x.png"
        },
        {
          "path" : "RespressoImages.xcassets\/AppIcon.appiconset\/AppIcon_20@3x.png",
          "operation" : "ADD",
          "lastModified" : 1547126914566.0898,
          "zipPath" : "appIcon\/RespressoImages.xcassets\/AppIcon.appiconset\/AppIcon_20@3x.png",
          "checksum" : "5ccd2ede6ccc43915b2bc9f9c328c54d2c4fc1c6e099cd7f9e345a7926bdd59a",
          "_localPath" : "${SRCROOT}\/hello-respresso-ios\/Assets.xcassets\/AppIcon.appiconset\/AppIcon_20@3x.png"
        },
        {
          "path" : "RespressoImages.xcassets\/AppIcon.appiconset\/AppIcon_29@1x.png",
          "operation" : "ADD",
          "lastModified" : 1547126914565.3447,
          "zipPath" : "appIcon\/RespressoImages.xcassets\/AppIcon.appiconset\/AppIcon_29@1x.png",
          "checksum" : "9a6025daf9afb65fdd771faa6e3887dbb2457980ea88e6fb2ab9e7ee5ca4279d",
          "_localPath" : "${SRCROOT}\/hello-respresso-ios\/Assets.xcassets\/AppIcon.appiconset\/AppIcon_29@1x.png"
        },
        {
          "path" : "RespressoImages.xcassets\/AppIcon.appiconset\/AppIcon_29@2x.png",
          "operation" : "ADD",
          "lastModified" : 1547126914564.4387,
          "zipPath" : "appIcon\/RespressoImages.xcassets\/AppIcon.appiconset\/AppIcon_29@2x.png",
          "checksum" : "1eb2bfad6b232fe1192530e48271883be6e2011c7ec4a1e826a2cd3d2d5d74f4",
          "_localPath" : "${SRCROOT}\/hello-respresso-ios\/Assets.xcassets\/AppIcon.appiconset\/AppIcon_29@2x.png"
        },
        {
          "path" : "RespressoImages.xcassets\/AppIcon.appiconset\/AppIcon_29@3x.png",
          "operation" : "ADD",
          "lastModified" : 1547126914561.3743,
          "zipPath" : "appIcon\/RespressoImages.xcassets\/AppIcon.appiconset\/AppIcon_29@3x.png",
          "checksum" : "1727a82d4e0fd17762d60672a3e0d7655a3c925ce34b110376827bdfa1d04d65",
          "_localPath" : "${SRCROOT}\/hello-respresso-ios\/Assets.xcassets\/AppIcon.appiconset\/AppIcon_29@3x.png"
        },
        {
          "path" : "RespressoImages.xcassets\/AppIcon.appiconset\/AppIcon_40@2x.png",
          "operation" : "ADD",
          "lastModified" : 1547126914559.4648,
          "zipPath" : "appIcon\/RespressoImages.xcassets\/AppIcon.appiconset\/AppIcon_40@2x.png",
          "checksum" : "b6dce84188cc365531e180bb7d8ee314dddde478cac655508f2903e88b689a8a",
          "_localPath" : "${SRCROOT}\/hello-respresso-ios\/Assets.xcassets\/AppIcon.appiconset\/AppIcon_40@2x.png"
        },
        {
          "path" : "RespressoImages.xcassets\/AppIcon.appiconset\/AppIcon_40@3x.png",
          "operation" : "ADD",
          "lastModified" : 1547126914558.843,
          "zipPath" : "appIcon\/RespressoImages.xcassets\/AppIcon.appiconset\/AppIcon_40@3x.png",
          "checksum" : "e094472e72590f02dd2d2d4c9e9d5054416721c8a1e67e713bccaaf79f5031bc",
          "_localPath" : "${SRCROOT}\/hello-respresso-ios\/Assets.xcassets\/AppIcon.appiconset\/AppIcon_40@3x.png"
        },
        {
          "path" : "RespressoImages.xcassets\/AppIcon.appiconset\/AppIcon_57@1x.png",
          "operation" : "ADD",
          "lastModified" : 1547126914558.4541,
          "zipPath" : "appIcon\/RespressoImages.xcassets\/AppIcon.appiconset\/AppIcon_57@1x.png",
          "checksum" : "a9e27fc4694d23a9d4e80288ef47e54205f9953751f31f041d242494511294c0",
          "_localPath" : "${SRCROOT}\/hello-respresso-ios\/Assets.xcassets\/AppIcon.appiconset\/AppIcon_57@1x.png"
        },
        {
          "path" : "RespressoImages.xcassets\/AppIcon.appiconset\/AppIcon_57@2x.png",
          "operation" : "ADD",
          "lastModified" : 1547126914558.0776,
          "zipPath" : "appIcon\/RespressoImages.xcassets\/AppIcon.appiconset\/AppIcon_57@2x.png",
          "checksum" : "26f62a0a59924321413c2d9ef8b357dbcc6e51950ece803ee9f864062a49c867",
          "_localPath" : "${SRCROOT}\/hello-respresso-ios\/Assets.xcassets\/AppIcon.appiconset\/AppIcon_57@2x.png"
        },
        {
          "path" : "RespressoImages.xcassets\/AppIcon.appiconset\/AppIcon_60@2x.png",
          "operation" : "ADD",
          "lastModified" : 1547126914557.6528,
          "zipPath" : "appIcon\/RespressoImages.xcassets\/AppIcon.appiconset\/AppIcon_60@2x.png",
          "checksum" : "161816d6222dc6081192fa1c760283362e4f006162926fb03910702ea2ba6f9a",
          "_localPath" : "${SRCROOT}\/hello-respresso-ios\/Assets.xcassets\/AppIcon.appiconset\/AppIcon_60@2x.png"
        },
        {
          "path" : "RespressoImages.xcassets\/AppIcon.appiconset\/AppIcon_60@3x.png",
          "operation" : "ADD",
          "lastModified" : 1547126914557.0718,
          "zipPath" : "appIcon\/RespressoImages.xcassets\/AppIcon.appiconset\/AppIcon_60@3x.png",
          "checksum" : "9e96d2b5fecbd1c2f2af7dbf669a0b2a26b97ad56418358d5152b99b18cffe76",
          "_localPath" : "${SRCROOT}\/hello-respresso-ios\/Assets.xcassets\/AppIcon.appiconset\/AppIcon_60@3x.png"
        },
        {
          "path" : "RespressoImages.xcassets\/AppIcon.appiconset\/AppIcon_1024@1x.png",
          "operation" : "ADD",
          "lastModified" : 1547126914555.9946,
          "zipPath" : "appIcon\/RespressoImages.xcassets\/AppIcon.appiconset\/AppIcon_1024@1x.png",
          "checksum" : "be3a41d56f67ff161e07398710536185273a8e39663f4335fec794b7cdd34ee2",
          "_localPath" : "${SRCROOT}\/hello-respresso-ios\/Assets.xcassets\/AppIcon.appiconset\/AppIcon_1024@1x.png"
        }
      ],
      "name" : "appIcon",
      "token" : "1547028482168",
      "version" : "1.0.0"
    }
  ]
}